{
  "nodes": {
    "flake-config": {
      "flake": false,
      "locked": {
        "lastModified": 1,
        "narHash": "sha256-gp5TMpgeEqTgxQbawARz8LzYQf6efv0RovVVc5PvPbQ=",
        "path": "./flake-config.json",
        "type": "path"
      },
      "original": {
        "path": "./flake-config.json",
        "type": "path"
      }
    },
    "flake-utils": {
      "inputs": {
        "systems": "systems"
      },
      "locked": {
        "lastModified": 1694529238,
        "narHash": "sha256-zsNZZGTGnMOf9YpHKJqMSsa0dXbfmxeoJ7xHlrt+xmY=",
        "owner": "numtide",
        "repo": "flake-utils",
        "rev": "ff7b65b44d01cf9ba6a71320833626af21126384",
        "type": "github"
      },
      "original": {
        "owner": "numtide",
        "repo": "flake-utils",
        "type": "github"
      }
    },
    "flake-utils_2": {
      "inputs": {
        "systems": "systems_2"
      },
      "locked": {
        "lastModified": 1694529238,
        "narHash": "sha256-zsNZZGTGnMOf9YpHKJqMSsa0dXbfmxeoJ7xHlrt+xmY=",
        "owner": "numtide",
        "repo": "flake-utils",
        "rev": "ff7b65b44d01cf9ba6a71320833626af21126384",
        "type": "github"
      },
      "original": {
        "owner": "numtide",
        "repo": "flake-utils",
        "type": "github"
      }
    },
    "flake-utils_3": {
      "inputs": {
        "systems": "systems_3"
      },
      "locked": {
        "lastModified": 1694529238,
        "narHash": "sha256-zsNZZGTGnMOf9YpHKJqMSsa0dXbfmxeoJ7xHlrt+xmY=",
        "owner": "numtide",
        "repo": "flake-utils",
        "rev": "ff7b65b44d01cf9ba6a71320833626af21126384",
        "type": "github"
      },
      "original": {
        "owner": "numtide",
        "repo": "flake-utils",
        "type": "github"
      }
    },
    "minecraft": {
      "inputs": {
        "flake-utils": "flake-utils_2",
        "metadata": [
          "minecraft-metadata"
        ],
        "nixpkgs": "nixpkgs"
      },
      "locked": {
        "lastModified": 1695986217,
        "narHash": "sha256-AZnTJgPu2x+keyAU5U+GHrIw1+eVOBKV7LO10gsl86E=",
        "owner": "viluon",
        "repo": "minecraft.nix",
        "rev": "dcadcb8363472eaab0f4e2e1262fa81fba2404c7",
        "type": "github"
      },
      "original": {
        "owner": "viluon",
        "ref": "feature/offline",
        "repo": "minecraft.nix",
        "type": "github"
      }
    },
    "minecraft-metadata": {
      "inputs": {
        "flake-utils": "flake-utils_3",
        "nixpkgs": "nixpkgs_2"
      },
      "locked": {
        "lastModified": 1695344966,
        "narHash": "sha256-OZkFknDrEUYXuMCdDM1f27TvClF+2sGcykKKdZx6+m0=",
        "owner": "Ninlives",
        "repo": "minecraft.json",
        "rev": "1acc72d65b13c07a4bfcbd4906564a5f6fb9f6a8",
        "type": "github"
      },
      "original": {
        "owner": "Ninlives",
        "repo": "minecraft.json",
        "type": "github"
      }
    },
    "nixpkgs": {
      "locked": {
        "lastModified": 1695776138,
        "narHash": "sha256-oOh+/qwOeUXlYIK3M8vQ4/RWRO9o4P6JS3WRTnvzuoI=",
        "owner": "NixOS",
        "repo": "nixpkgs",
        "rev": "6ed3b1400ec1661de81f19fd33e25484d3529708",
        "type": "github"
      },
      "original": {
        "owner": "NixOS",
        "repo": "nixpkgs",
        "type": "github"
      }
    },
    "nixpkgs_2": {
      "locked": {
        "lastModified": 1695342308,
        "narHash": "sha256-ZmTRZrJ3SQ984G1w3QUFlDh4f5L6Rjw9ioa6xLFKS38=",
        "owner": "NixOS",
        "repo": "nixpkgs",
        "rev": "9543950110be753eb8e66d43431acccb20d352b0",
        "type": "github"
      },
      "original": {
        "owner": "NixOS",
        "repo": "nixpkgs",
        "type": "github"
      }
    },
    "nixpkgs_3": {
      "locked": {
        "lastModified": 1695830400,
        "narHash": "sha256-gToZXQVr0G/1WriO83olnqrLSHF2Jb8BPcmCt497ro0=",
        "owner": "nixos",
        "repo": "nixpkgs",
        "rev": "8a86b98f0ba1c405358f1b71ff8b5e1d317f5db2",
        "type": "github"
      },
      "original": {
        "owner": "nixos",
        "ref": "nixos-unstable",
        "repo": "nixpkgs",
        "type": "github"
      }
    },
    "root": {
      "inputs": {
        "flake-config": "flake-config",
        "flake-utils": "flake-utils",
        "minecraft": "minecraft",
        "minecraft-metadata": "minecraft-metadata",
        "nixpkgs": "nixpkgs_3"
      }
    },
    "systems": {
      "locked": {
        "lastModified": 1681028828,
        "narHash": "sha256-Vy1rq5AaRuLzOxct8nz4T6wlgyUR7zLU309k9mBC768=",
        "owner": "nix-systems",
        "repo": "default",
        "rev": "da67096a3b9bf56a91d16901293e51ba5b49a27e",
        "type": "github"
      },
      "original": {
        "owner": "nix-systems",
        "repo": "default",
        "type": "github"
      }
    },
    "systems_2": {
      "locked": {
        "lastModified": 1681028828,
        "narHash": "sha256-Vy1rq5AaRuLzOxct8nz4T6wlgyUR7zLU309k9mBC768=",
        "owner": "nix-systems",
        "repo": "default",
        "rev": "da67096a3b9bf56a91d16901293e51ba5b49a27e",
        "type": "github"
      },
      "original": {
        "owner": "nix-systems",
        "repo": "default",
        "type": "github"
      }
    },
    "systems_3": {
      "locked": {
        "lastModified": 1681028828,
        "narHash": "sha256-Vy1rq5AaRuLzOxct8nz4T6wlgyUR7zLU309k9mBC768=",
        "owner": "nix-systems",
        "repo": "default",
        "rev": "da67096a3b9bf56a91d16901293e51ba5b49a27e",
        "type": "github"
      },
      "original": {
        "owner": "nix-systems",
        "repo": "default",
        "type": "github"
      }
    }
  },
  "root": "root",
  "version": 7
}
