{
  "nodes": {
    "flake-config": {
      "flake": false,
      "locked": {
        "lastModified": 1,
        "narHash": "sha256-gp5TMpgeEqTgxQbawARz8LzYQf6efv0RovVVc5PvPbQ=",
        "path": "./flake-config.json",
        "type": "path"
      },
      "original": {
        "path": "./flake-config.json",
        "type": "path"
      }
    },
    "flake-utils": {
      "inputs": {
        "systems": "systems"
      },
      "locked": {
        "lastModified": 1694529238,
        "narHash": "sha256-zsNZZGTGnMOf9YpHKJqMSsa0dXbfmxeoJ7xHlrt+xmY=",
        "owner": "numtide",
        "repo": "flake-utils",
        "rev": "ff7b65b44d01cf9ba6a71320833626af21126384",
        "type": "github"
      },
      "original": {
        "owner": "numtide",
        "repo": "flake-utils",
        "type": "github"
      }
    },
    "flake-utils_2": {
      "inputs": {
        "systems": "systems_2"
      },
      "locked": {
        "lastModified": 1694529238,
        "narHash": "sha256-zsNZZGTGnMOf9YpHKJqMSsa0dXbfmxeoJ7xHlrt+xmY=",
        "owner": "numtide",
        "repo": "flake-utils",
        "rev": "ff7b65b44d01cf9ba6a71320833626af21126384",
        "type": "github"
      },
      "original": {
        "owner": "numtide",
        "repo": "flake-utils",
        "type": "github"
      }
    },
    "flake-utils_3": {
      "inputs": {
        "systems": "systems_3"
      },
      "locked": {
        "lastModified": 1694529238,
        "narHash": "sha256-zsNZZGTGnMOf9YpHKJqMSsa0dXbfmxeoJ7xHlrt+xmY=",
        "owner": "numtide",
        "repo": "flake-utils",
        "rev": "ff7b65b44d01cf9ba6a71320833626af21126384",
        "type": "github"
      },
      "original": {
        "owner": "numtide",
        "repo": "flake-utils",
        "type": "github"
      }
    },
    "minecraft": {
      "inputs": {
        "flake-utils": "flake-utils_2",
        "metadata": [
          "minecraft-metadata"
        ],
        "nixpkgs": "nixpkgs"
      },
      "locked": {
        "lastModified": 1695986217,
        "narHash": "sha256-AZnTJgPu2x+keyAU5U+GHrIw1+eVOBKV7LO10gsl86E=",
        "owner": "viluon",
        "repo": "minecraft.nix",
        "rev": "dcadcb8363472eaab0f4e2e1262fa81fba2404c7",
        "type": "github"
      },
      "original": {
        "owner": "viluon",
        "ref": "feature/offline",
        "repo": "minecraft.nix",
        "type": "github"
      }
    },
    "minecraft-metadata": {
      "inputs": {
        "flake-utils": "flake-utils_3",
        "nixpkgs": "nixpkgs_2"
      },
      "locked": {
        "lastModified": 1696468414,
        "narHash": "sha256-XSiAnC7Yk2t5CEuAJ4g8rw0jX7L73VArw7fS8acBiAk=",
        "owner": "Ninlives",
        "repo": "minecraft.json",
        "rev": "3cb1409c8fbb0c3f0044838c636bc346daa6da84",
        "type": "github"
      },
      "original": {
        "owner": "Ninlives",
        "repo": "minecraft.json",
        "type": "github"
      }
    },
    "nixpkgs": {
      "locked": {
        "lastModified": 1695776138,
        "narHash": "sha256-oOh+/qwOeUXlYIK3M8vQ4/RWRO9o4P6JS3WRTnvzuoI=",
        "owner": "NixOS",
        "repo": "nixpkgs",
        "rev": "6ed3b1400ec1661de81f19fd33e25484d3529708",
        "type": "github"
      },
      "original": {
        "owner": "NixOS",
        "repo": "nixpkgs",
        "type": "github"
      }
    },
    "nixpkgs_2": {
      "locked": {
        "lastModified": 1696466515,
        "narHash": "sha256-SQJyUBoLXmPGueYTLj1yDVHolg2pnB+rUR4Z6p5AKpA=",
        "owner": "NixOS",
        "repo": "nixpkgs",
        "rev": "c52af267ad0c11b55f89cf6c70adb10694ad938e",
        "type": "github"
      },
      "original": {
        "owner": "NixOS",
        "repo": "nixpkgs",
        "type": "github"
      }
    },
    "nixpkgs_3": {
      "locked": {
        "lastModified": 1696604326,
        "narHash": "sha256-YXUNI0kLEcI5g8lqGMb0nh67fY9f2YoJsILafh6zlMo=",
        "owner": "nixos",
        "repo": "nixpkgs",
        "rev": "87828a0e03d1418e848d3dd3f3014a632e4a4f64",
        "type": "github"
      },
      "original": {
        "owner": "nixos",
        "ref": "nixos-unstable",
        "repo": "nixpkgs",
        "type": "github"
      }
    },
    "root": {
      "inputs": {
        "flake-config": "flake-config",
        "flake-utils": "flake-utils",
        "minecraft": "minecraft",
        "minecraft-metadata": "minecraft-metadata",
        "nixpkgs": "nixpkgs_3"
      }
    },
    "systems": {
      "locked": {
        "lastModified": 1681028828,
        "narHash": "sha256-Vy1rq5AaRuLzOxct8nz4T6wlgyUR7zLU309k9mBC768=",
        "owner": "nix-systems",
        "repo": "default",
        "rev": "da67096a3b9bf56a91d16901293e51ba5b49a27e",
        "type": "github"
      },
      "original": {
        "owner": "nix-systems",
        "repo": "default",
        "type": "github"
      }
    },
    "systems_2": {
      "locked": {
        "lastModified": 1681028828,
        "narHash": "sha256-Vy1rq5AaRuLzOxct8nz4T6wlgyUR7zLU309k9mBC768=",
        "owner": "nix-systems",
        "repo": "default",
        "rev": "da67096a3b9bf56a91d16901293e51ba5b49a27e",
        "type": "github"
      },
      "original": {
        "owner": "nix-systems",
        "repo": "default",
        "type": "github"
      }
    },
    "systems_3": {
      "locked": {
        "lastModified": 1681028828,
        "narHash": "sha256-Vy1rq5AaRuLzOxct8nz4T6wlgyUR7zLU309k9mBC768=",
        "owner": "nix-systems",
        "repo": "default",
        "rev": "da67096a3b9bf56a91d16901293e51ba5b49a27e",
        "type": "github"
      },
      "original": {
        "owner": "nix-systems",
        "repo": "default",
        "type": "github"
      }
    }
  },
  "root": "root",
  "version": 7
}
